<?xml version="1.0" encoding="utf-8"?>
<Project ToolsVersion="4.0" xmlns="http://schemas.microsoft.com/developer/msbuild/2003">
  <ItemGroup>
    <Filter Include="Service">
      <UniqueIdentifier>{ea9c27a7-4b24-4396-a536-5d9cfcc9cf40}</UniqueIdentifier>
    </Filter>
    <Filter Include="Service\Header Files">
      <UniqueIdentifier>{3936d7ac-3aef-49d0-96eb-d5e8c7602913}</UniqueIdentifier>
    </Filter>
    <Filter Include="Service\Source File">
      <UniqueIdentifier>{6346dcf8-1d0f-4b55-8f7c-88eca61629bb}</UniqueIdentifier>
    </Filter>
    <Filter Include="Injector">
      <UniqueIdentifier>{9c8d2f00-82d7-4658-be33-a71ca10b1420}</UniqueIdentifier>
    </Filter>
    <Filter Include="Payload">
      <UniqueIdentifier>{6043c61e-3a8c-4f04-a470-63d8f21cb43c}</UniqueIdentifier>
    </Filter>
    <Filter Include="Payload\Header Files">
      <UniqueIdentifier>{5ef6f821-25ee-49d8-b561-28265ce89212}</UniqueIdentifier>
    </Filter>
    <Filter Include="Payload\Source Files">
      <UniqueIdentifier>{ad769c67-743a-4abb-9240-70b53300c4ef}</UniqueIdentifier>
    </Filter>
  </ItemGroup>
  <ItemGroup>
    <ClInclude Include="service.h">
      <Filter>Service\Header Files</Filter>
    </ClInclude>
    <ClInclude Include="injector.h">
      <Filter>Injector</Filter>
    </ClInclude>
    <ClInclude Include="payload.h">
      <Filter>Payload\Header Files</Filter>
    </ClInclude>
  </ItemGroup>
  <ItemGroup>
    <ClCompile Include="service.cpp">
      <Filter>Service\Source File</Filter>
    </ClCompile>
    <ClCompile Include="injector.cpp">
      <Filter>Injector</Filter>
    </ClCompile>
    <ClCompile Include="payload.cpp">
      <Filter>Payload\Source Files</Filter>
    </ClCompile>
  </ItemGroup>
</Project>